[[package]]
name = "bleach"
version = "4.1.0"
description = "An easy safelist-based HTML-sanitizing tool."
category = "dev"
optional = false
python-versions = ">=3.6"

[package.dependencies]
packaging = "*"
six = ">=1.9.0"
webencodings = "*"

[[package]]
name = "certifi"
version = "2022.12.7"
description = "Python package for providing Mozilla's CA Bundle."
category = "dev"
optional = false
python-versions = ">=3.6"

[[package]]
name = "cffi"
version = "1.15.0"
description = "Foreign Function Interface for Python calling C code."
category = "dev"
optional = false
python-versions = "*"

[package.dependencies]
pycparser = "*"

[[package]]
name = "charset-normalizer"
version = "2.0.7"
description = "The Real First Universal Charset Detector. Open, modern and actively maintained alternative to Chardet."
category = "dev"
optional = false
python-versions = ">=3.5.0"

[package.extras]
unicode-backport = ["unicodedata2"]

[[package]]
name = "colorama"
version = "0.4.4"
description = "Cross-platform colored terminal text."
category = "dev"
optional = false
python-versions = ">=2.7, !=3.0.*, !=3.1.*, !=3.2.*, !=3.3.*, !=3.4.*"

[[package]]
name = "cryptography"
version = "36.0.0"
description = "cryptography is a package which provides cryptographic recipes and primitives to Python developers."
category = "dev"
optional = false
python-versions = ">=3.6"

[package.dependencies]
cffi = ">=1.12"

[package.extras]
docs = ["sphinx (>=1.6.5,!=1.8.0,!=3.1.0,!=3.1.1)", "sphinx_rtd_theme"]
docstest = ["pyenchant (>=1.6.11)", "sphinxcontrib-spelling (>=4.0.1)", "twine (>=1.12.0)"]
pep8test = ["black", "flake8", "flake8-import-order", "pep8-naming"]
sdist = ["setuptools_rust (>=0.11.4)"]
ssh = ["bcrypt (>=3.1.5)"]
test = ["hypothesis (>=1.11.4,!=3.79.2)", "iso8601", "pretend", "pytest (>=6.2.0)", "pytest-cov", "pytest-subtests", "pytest-xdist", "pytz"]

[[package]]
name = "docutils"
version = "0.18"
description = "Docutils -- Python Documentation Utilities"
category = "dev"
optional = false
python-versions = ">=2.7, !=3.0.*, !=3.1.*, !=3.2.*, !=3.3.*, !=3.4.*"

[[package]]
name = "idna"
version = "3.3"
description = "Internationalized Domain Names in Applications (IDNA)"
category = "dev"
optional = false
python-versions = ">=3.5"

[[package]]
name = "importlib-metadata"
version = "4.8.2"
description = "Read metadata from Python packages"
category = "dev"
optional = false
python-versions = ">=3.6"

[package.dependencies]
typing-extensions = {version = ">=3.6.4", markers = "python_version < \"3.8\""}
zipp = ">=0.5"

[package.extras]
docs = ["jaraco.packaging (>=8.2)", "rst.linker (>=1.9)", "sphinx"]
perf = ["ipython"]
testing = ["flufl.flake8", "importlib-resources (>=1.3)", "packaging", "pep517", "pyfakefs", "pytest (>=6)", "pytest-black (>=0.3.7)", "pytest-checkdocs (>=2.4)", "pytest-cov", "pytest-enabler (>=1.0.1)", "pytest-flake8", "pytest-mypy", "pytest-perf (>=0.9.2)"]

[[package]]
name = "jeepney"
version = "0.7.1"
description = "Low-level, pure Python DBus protocol wrapper."
category = "dev"
optional = false
python-versions = ">=3.6"

[package.extras]
test = ["async-timeout", "pytest", "pytest-asyncio", "pytest-trio", "testpath", "trio"]
trio = ["async_generator", "trio"]

[[package]]
name = "keyring"
version = "23.2.1"
description = "Store and access your passwords safely."
category = "dev"
optional = false
python-versions = ">=3.6"

[package.dependencies]
importlib-metadata = ">=3.6"
jeepney = {version = ">=0.4.2", markers = "sys_platform == \"linux\""}
pywin32-ctypes = {version = "<0.1.0 || >0.1.0,<0.1.1 || >0.1.1", markers = "sys_platform == \"win32\""}
SecretStorage = {version = ">=3.2", markers = "sys_platform == \"linux\""}

[package.extras]
docs = ["jaraco.packaging (>=8.2)", "rst.linker (>=1.9)", "sphinx"]
testing = ["pytest (>=4.6)", "pytest-black (>=0.3.7)", "pytest-checkdocs (>=2.4)", "pytest-cov", "pytest-enabler (>=1.0.1)", "pytest-flake8", "pytest-mypy"]

[[package]]
name = "packaging"
version = "21.3"
description = "Core utilities for Python packages"
category = "dev"
optional = false
python-versions = ">=3.6"

[package.dependencies]
pyparsing = ">=2.0.2,<3.0.5 || >3.0.5"

[[package]]
name = "pkginfo"
version = "1.8.1"
description = "Query metadatdata from sdists / bdists / installed packages."
category = "dev"
optional = false
python-versions = "*"

[package.extras]
testing = ["coverage", "nose"]

[[package]]
name = "pycparser"
version = "2.21"
description = "C parser in Python"
category = "dev"
optional = false
python-versions = ">=2.7, !=3.0.*, !=3.1.*, !=3.2.*, !=3.3.*"

[[package]]
name = "pygments"
version = "2.10.0"
description = "Pygments is a syntax highlighting package written in Python."
category = "dev"
optional = false
python-versions = ">=3.5"

[[package]]
name = "pyparsing"
version = "3.0.6"
description = "Python parsing module"
category = "dev"
optional = false
python-versions = ">=3.6"

[package.extras]
diagrams = ["jinja2", "railroad-diagrams"]

[[package]]
name = "pywin32-ctypes"
version = "0.2.0"
description = ""
category = "dev"
optional = false
python-versions = "*"

[[package]]
name = "readme-renderer"
version = "30.0"
description = "readme_renderer is a library for rendering \"readme\" descriptions for Warehouse"
category = "dev"
optional = false
python-versions = "*"

[package.dependencies]
bleach = ">=2.1.0"
docutils = ">=0.13.1"
Pygments = ">=2.5.1"

[package.extras]
md = ["cmarkgfm (>=0.5.0,<0.7.0)"]

[[package]]
name = "requests"
version = "2.26.0"
description = "Python HTTP for Humans."
category = "dev"
optional = false
python-versions = ">=2.7, !=3.0.*, !=3.1.*, !=3.2.*, !=3.3.*, !=3.4.*, !=3.5.*"

[package.dependencies]
certifi = ">=2017.4.17"
charset-normalizer = {version = ">=2.0.0,<2.1.0", markers = "python_version >= \"3\""}
idna = {version = ">=2.5,<4", markers = "python_version >= \"3\""}
urllib3 = ">=1.21.1,<1.27"

[package.extras]
socks = ["PySocks (>=1.5.6,!=1.5.7)", "win-inet-pton"]
use-chardet-on-py3 = ["chardet (>=3.0.2,<5)"]

[[package]]
name = "requests-toolbelt"
version = "0.9.1"
description = "A utility belt for advanced users of python-requests"
category = "dev"
optional = false
python-versions = "*"

[package.dependencies]
requests = ">=2.0.1,<3.0.0"

[[package]]
name = "rfc3986"
version = "1.5.0"
description = "Validating URI References per RFC 3986"
category = "dev"
optional = false
python-versions = "*"

[package.extras]
idna2008 = ["idna"]

[[package]]
name = "secretstorage"
version = "3.3.1"
description = "Python bindings to FreeDesktop.org Secret Service API"
category = "dev"
optional = false
python-versions = ">=3.6"

[package.dependencies]
cryptography = ">=2.0"
jeepney = ">=0.6"

[[package]]
name = "setuptools"
version = "59.6.0"
description = "Easily download, build, install, upgrade, and uninstall Python packages"
category = "dev"
optional = false
python-versions = ">=3.6"

[package.extras]
docs = ["furo", "jaraco.packaging (>=8.2)", "jaraco.tidelift (>=1.4)", "pygments-github-lexers (==0.0.5)", "rst.linker (>=1.9)", "sphinx", "sphinx-inline-tabs", "sphinxcontrib-towncrier"]
testing = ["flake8-2020", "jaraco.envs (>=2.2)", "jaraco.path (>=3.2.0)", "mock", "paver", "pip (>=19.1)", "pytest (>=6)", "pytest-black (>=0.3.7)", "pytest-checkdocs (>=2.4)", "pytest-cov", "pytest-enabler (>=1.0.1)", "pytest-flake8", "pytest-mypy", "pytest-virtualenv (>=1.2.7)", "pytest-xdist", "sphinx", "virtualenv (>=13.0.0)", "wheel"]

[[package]]
name = "six"
version = "1.16.0"
description = "Python 2 and 3 compatibility utilities"
category = "dev"
optional = false
python-versions = ">=2.7, !=3.0.*, !=3.1.*, !=3.2.*"

[[package]]
name = "tqdm"
version = "4.62.3"
description = "Fast, Extensible Progress Meter"
category = "dev"
optional = false
python-versions = "!=3.0.*,!=3.1.*,!=3.2.*,!=3.3.*,>=2.7"

[package.dependencies]
colorama = {version = "*", markers = "platform_system == \"Windows\""}

[package.extras]
dev = ["py-make (>=0.1.0)", "twine", "wheel"]
notebook = ["ipywidgets (>=6)"]
telegram = ["requests"]

[[package]]
name = "twine"
version = "3.6.0"
description = "Collection of utilities for publishing packages on PyPI"
category = "dev"
optional = false
python-versions = ">=3.6"

[package.dependencies]
colorama = ">=0.4.3"
importlib-metadata = ">=3.6"
keyring = ">=15.1"
pkginfo = ">=1.4.2"
readme-renderer = ">=21.0"
requests = ">=2.20"
requests-toolbelt = ">=0.8.0,<0.9.0 || >0.9.0"
rfc3986 = ">=1.4.0"
tqdm = ">=4.14"

[[package]]
name = "typing-extensions"
version = "4.0.0"
description = "Backported and Experimental Type Hints for Python 3.6+"
category = "dev"
optional = false
python-versions = ">=3.6"

[[package]]
name = "urllib3"
version = "1.22"
description = "HTTP library with thread-safe connection pooling, file post, and more."
category = "dev"
optional = false
python-versions = "*"

[package.extras]
secure = ["certifi", "cryptography (>=1.3.4)", "idna (>=2.0.0)", "ipaddress", "pyOpenSSL (>=0.14)"]
socks = ["PySocks (>=1.5.6,!=1.5.7,<2.0)"]

[[package]]
name = "webencodings"
version = "0.5.1"
description = "Character encoding aliases for legacy web content"
category = "dev"
optional = false
python-versions = "*"

[[package]]
name = "wheel"
version = "0.37.1"
description = "A built-package format for Python"
category = "dev"
optional = false
python-versions = "!=3.0.*,!=3.1.*,!=3.2.*,!=3.3.*,!=3.4.*,>=2.7"

[package.extras]
test = ["pytest (>=3.0.0)", "pytest-cov"]

[[package]]
name = "yapf"
version = "0.31.0"
description = "A formatter for Python code."
category = "dev"
optional = false
python-versions = "*"

[[package]]
name = "zipp"
version = "3.6.0"
description = "Backport of pathlib-compatible object wrapper for zip files"
category = "dev"
optional = false
python-versions = ">=3.6"

[package.extras]
docs = ["jaraco.packaging (>=8.2)", "rst.linker (>=1.9)", "sphinx"]
testing = ["func-timeout", "jaraco.itertools", "pytest (>=4.6)", "pytest-black (>=0.3.7)", "pytest-checkdocs (>=2.4)", "pytest-cov", "pytest-enabler (>=1.0.1)", "pytest-flake8", "pytest-mypy"]

[metadata]
lock-version = "1.1"
python-versions = ">=3.6"
content-hash = "e222b5d0a914271e46411d50dcfe819d81f1cdc63919827226304cd8401a6a22"

[metadata.files]
bleach = [
    {file = "bleach-4.1.0-py2.py3-none-any.whl", hash = "sha256:4d2651ab93271d1129ac9cbc679f524565cc8a1b791909c4a51eac4446a15994"},
    {file = "bleach-4.1.0.tar.gz", hash = "sha256:0900d8b37eba61a802ee40ac0061f8c2b5dee29c1927dd1d233e075ebf5a71da"},
]
certifi = [
    {file = "certifi-2022.12.7-py3-none-any.whl", hash = "sha256:4ad3232f5e926d6718ec31cfc1fcadfde020920e278684144551c91769c7bc18"},
    {file = "certifi-2022.12.7.tar.gz", hash = "sha256:35824b4c3a97115964b408844d64aa14db1cc518f6562e8d7261699d1350a9e3"},
]
cffi = [
    {file = "cffi-1.15.0-cp27-cp27m-macosx_10_9_x86_64.whl", hash = "sha256:c2502a1a03b6312837279c8c1bd3ebedf6c12c4228ddbad40912d671ccc8a962"},
    {file = "cffi-1.15.0-cp27-cp27m-manylinux1_i686.whl", hash = "sha256:23cfe892bd5dd8941608f93348c0737e369e51c100d03718f108bf1add7bd6d0"},
    {file = "cffi-1.15.0-cp27-cp27m-manylinux1_x86_64.whl", hash = "sha256:41d45de54cd277a7878919867c0f08b0cf817605e4eb94093e7516505d3c8d14"},
    {file = "cffi-1.15.0-cp27-cp27m-win32.whl", hash = "sha256:4a306fa632e8f0928956a41fa8e1d6243c71e7eb59ffbd165fc0b41e316b2474"},
    {file = "cffi-1.15.0-cp27-cp27m-win_amd64.whl", hash = "sha256:e7022a66d9b55e93e1a845d8c9eba2a1bebd4966cd8bfc25d9cd07d515b33fa6"},
    {file = "cffi-1.15.0-cp27-cp27mu-manylinux1_i686.whl", hash = "sha256:14cd121ea63ecdae71efa69c15c5543a4b5fbcd0bbe2aad864baca0063cecf27"},
    {file = "cffi-1.15.0-cp27-cp27mu-manylinux1_x86_64.whl", hash = "sha256:d4d692a89c5cf08a8557fdeb329b82e7bf609aadfaed6c0d79f5a449a3c7c023"},
    {file = "cffi-1.15.0-cp310-cp310-macosx_10_9_x86_64.whl", hash = "sha256:0104fb5ae2391d46a4cb082abdd5c69ea4eab79d8d44eaaf79f1b1fd806ee4c2"},
    {file = "cffi-1.15.0-cp310-cp310-macosx_11_0_arm64.whl", hash = "sha256:91ec59c33514b7c7559a6acda53bbfe1b283949c34fe7440bcf917f96ac0723e"},
    {file = "cffi-1.15.0-cp310-cp310-manylinux_2_12_i686.manylinux2010_i686.whl", hash = "sha256:f5c7150ad32ba43a07c4479f40241756145a1f03b43480e058cfd862bf5041c7"},
    {file = "cffi-1.15.0-cp310-cp310-manylinux_2_12_x86_64.manylinux2010_x86_64.whl", hash = "sha256:00c878c90cb53ccfaae6b8bc18ad05d2036553e6d9d1d9dbcf323bbe83854ca3"},
    {file = "cffi-1.15.0-cp310-cp310-manylinux_2_17_aarch64.manylinux2014_aarch64.whl", hash = "sha256:abb9a20a72ac4e0fdb50dae135ba5e77880518e742077ced47eb1499e29a443c"},
    {file = "cffi-1.15.0-cp310-cp310-manylinux_2_17_ppc64le.manylinux2014_ppc64le.whl", hash = "sha256:a5263e363c27b653a90078143adb3d076c1a748ec9ecc78ea2fb916f9b861962"},
    {file = "cffi-1.15.0-cp310-cp310-manylinux_2_17_s390x.manylinux2014_s390x.whl", hash = "sha256:f54a64f8b0c8ff0b64d18aa76675262e1700f3995182267998c31ae974fbc382"},
    {file = "cffi-1.15.0-cp310-cp310-win32.whl", hash = "sha256:c21c9e3896c23007803a875460fb786118f0cdd4434359577ea25eb556e34c55"},
    {file = "cffi-1.15.0-cp310-cp310-win_amd64.whl", hash = "sha256:5e069f72d497312b24fcc02073d70cb989045d1c91cbd53979366077959933e0"},
    {file = "cffi-1.15.0-cp36-cp36m-macosx_10_9_x86_64.whl", hash = "sha256:64d4ec9f448dfe041705426000cc13e34e6e5bb13736e9fd62e34a0b0c41566e"},
    {file = "cffi-1.15.0-cp36-cp36m-manylinux_2_17_aarch64.manylinux2014_aarch64.whl", hash = "sha256:2756c88cbb94231c7a147402476be2c4df2f6078099a6f4a480d239a8817ae39"},
    {file = "cffi-1.15.0-cp36-cp36m-manylinux_2_17_ppc64le.manylinux2014_ppc64le.whl", hash = "sha256:3b96a311ac60a3f6be21d2572e46ce67f09abcf4d09344c49274eb9e0bf345fc"},
    {file = "cffi-1.15.0-cp36-cp36m-manylinux_2_17_s390x.manylinux2014_s390x.whl", hash = "sha256:75e4024375654472cc27e91cbe9eaa08567f7fbdf822638be2814ce059f58032"},
    {file = "cffi-1.15.0-cp36-cp36m-manylinux_2_5_i686.manylinux1_i686.whl", hash = "sha256:59888172256cac5629e60e72e86598027aca6bf01fa2465bdb676d37636573e8"},
    {file = "cffi-1.15.0-cp36-cp36m-manylinux_2_5_x86_64.manylinux1_x86_64.whl", hash = "sha256:27c219baf94952ae9d50ec19651a687b826792055353d07648a5695413e0c605"},
    {file = "cffi-1.15.0-cp36-cp36m-win32.whl", hash = "sha256:4958391dbd6249d7ad855b9ca88fae690783a6be9e86df65865058ed81fc860e"},
    {file = "cffi-1.15.0-cp36-cp36m-win_amd64.whl", hash = "sha256:f6f824dc3bce0edab5f427efcfb1d63ee75b6fcb7282900ccaf925be84efb0fc"},
    {file = "cffi-1.15.0-cp37-cp37m-macosx_10_9_x86_64.whl", hash = "sha256:06c48159c1abed75c2e721b1715c379fa3200c7784271b3c46df01383b593636"},
    {file = "cffi-1.15.0-cp37-cp37m-manylinux_2_12_i686.manylinux2010_i686.whl", hash = "sha256:c2051981a968d7de9dd2d7b87bcb9c939c74a34626a6e2f8181455dd49ed69e4"},
    {file = "cffi-1.15.0-cp37-cp37m-manylinux_2_12_x86_64.manylinux2010_x86_64.whl", hash = "sha256:fd8a250edc26254fe5b33be00402e6d287f562b6a5b2152dec302fa15bb3e997"},
    {file = "cffi-1.15.0-cp37-cp37m-manylinux_2_17_aarch64.manylinux2014_aarch64.whl", hash = "sha256:91d77d2a782be4274da750752bb1650a97bfd8f291022b379bb8e01c66b4e96b"},
    {file = "cffi-1.15.0-cp37-cp37m-manylinux_2_17_ppc64le.manylinux2014_ppc64le.whl", hash = "sha256:45db3a33139e9c8f7c09234b5784a5e33d31fd6907800b316decad50af323ff2"},
    {file = "cffi-1.15.0-cp37-cp37m-manylinux_2_17_s390x.manylinux2014_s390x.whl", hash = "sha256:263cc3d821c4ab2213cbe8cd8b355a7f72a8324577dc865ef98487c1aeee2bc7"},
    {file = "cffi-1.15.0-cp37-cp37m-win32.whl", hash = "sha256:17771976e82e9f94976180f76468546834d22a7cc404b17c22df2a2c81db0c66"},
    {file = "cffi-1.15.0-cp37-cp37m-win_amd64.whl", hash = "sha256:3415c89f9204ee60cd09b235810be700e993e343a408693e80ce7f6a40108029"},
    {file = "cffi-1.15.0-cp38-cp38-macosx_10_9_x86_64.whl", hash = "sha256:4238e6dab5d6a8ba812de994bbb0a79bddbdf80994e4ce802b6f6f3142fcc880"},
    {file = "cffi-1.15.0-cp38-cp38-manylinux_2_12_i686.manylinux2010_i686.whl", hash = "sha256:0808014eb713677ec1292301ea4c81ad277b6cdf2fdd90fd540af98c0b101d20"},
    {file = "cffi-1.15.0-cp38-cp38-manylinux_2_12_x86_64.manylinux2010_x86_64.whl", hash = "sha256:57e9ac9ccc3101fac9d6014fba037473e4358ef4e89f8e181f8951a2c0162024"},
    {file = "cffi-1.15.0-cp38-cp38-manylinux_2_17_aarch64.manylinux2014_aarch64.whl", hash = "sha256:8b6c2ea03845c9f501ed1313e78de148cd3f6cad741a75d43a29b43da27f2e1e"},
    {file = "cffi-1.15.0-cp38-cp38-manylinux_2_17_ppc64le.manylinux2014_ppc64le.whl", hash = "sha256:10dffb601ccfb65262a27233ac273d552ddc4d8ae1bf93b21c94b8511bffe728"},
    {file = "cffi-1.15.0-cp38-cp38-manylinux_2_17_s390x.manylinux2014_s390x.whl", hash = "sha256:786902fb9ba7433aae840e0ed609f45c7bcd4e225ebb9c753aa39725bb3e6ad6"},
    {file = "cffi-1.15.0-cp38-cp38-win32.whl", hash = "sha256:da5db4e883f1ce37f55c667e5c0de439df76ac4cb55964655906306918e7363c"},
    {file = "cffi-1.15.0-cp38-cp38-win_amd64.whl", hash = "sha256:181dee03b1170ff1969489acf1c26533710231c58f95534e3edac87fff06c443"},
    {file = "cffi-1.15.0-cp39-cp39-macosx_10_9_x86_64.whl", hash = "sha256:45e8636704eacc432a206ac7345a5d3d2c62d95a507ec70d62f23cd91770482a"},
    {file = "cffi-1.15.0-cp39-cp39-macosx_11_0_arm64.whl", hash = "sha256:31fb708d9d7c3f49a60f04cf5b119aeefe5644daba1cd2a0fe389b674fd1de37"},
    {file = "cffi-1.15.0-cp39-cp39-manylinux_2_12_i686.manylinux2010_i686.whl", hash = "sha256:6dc2737a3674b3e344847c8686cf29e500584ccad76204efea14f451d4cc669a"},
    {file = "cffi-1.15.0-cp39-cp39-manylinux_2_12_x86_64.manylinux2010_x86_64.whl", hash = "sha256:74fdfdbfdc48d3f47148976f49fab3251e550a8720bebc99bf1483f5bfb5db3e"},
    {file = "cffi-1.15.0-cp39-cp39-manylinux_2_17_aarch64.manylinux2014_aarch64.whl", hash = "sha256:ffaa5c925128e29efbde7301d8ecaf35c8c60ffbcd6a1ffd3a552177c8e5e796"},
    {file = "cffi-1.15.0-cp39-cp39-manylinux_2_17_ppc64le.manylinux2014_ppc64le.whl", hash = "sha256:3f7d084648d77af029acb79a0ff49a0ad7e9d09057a9bf46596dac9514dc07df"},
    {file = "cffi-1.15.0-cp39-cp39-manylinux_2_17_s390x.manylinux2014_s390x.whl", hash = "sha256:ef1f279350da2c586a69d32fc8733092fd32cc8ac95139a00377841f59a3f8d8"},
    {file = "cffi-1.15.0-cp39-cp39-win32.whl", hash = "sha256:2a23af14f408d53d5e6cd4e3d9a24ff9e05906ad574822a10563efcef137979a"},
    {file = "cffi-1.15.0-cp39-cp39-win_amd64.whl", hash = "sha256:3773c4d81e6e818df2efbc7dd77325ca0dcb688116050fb2b3011218eda36139"},
    {file = "cffi-1.15.0.tar.gz", hash = "sha256:920f0d66a896c2d99f0adbb391f990a84091179542c205fa53ce5787aff87954"},
]
charset-normalizer = [
    {file = "charset-normalizer-2.0.7.tar.gz", hash = "sha256:e019de665e2bcf9c2b64e2e5aa025fa991da8720daa3c1138cadd2fd1856aed0"},
    {file = "charset_normalizer-2.0.7-py3-none-any.whl", hash = "sha256:f7af805c321bfa1ce6714c51f254e0d5bb5e5834039bc17db7ebe3a4cec9492b"},
]
colorama = [
    {file = "colorama-0.4.4-py2.py3-none-any.whl", hash = "sha256:9f47eda37229f68eee03b24b9748937c7dc3868f906e8ba69fbcbdd3bc5dc3e2"},
    {file = "colorama-0.4.4.tar.gz", hash = "sha256:5941b2b48a20143d2267e95b1c2a7603ce057ee39fd88e7329b0c292aa16869b"},
]
cryptography = [
    {file = "cryptography-36.0.0-cp36-abi3-macosx_10_10_universal2.whl", hash = "sha256:9511416e85e449fe1de73f7f99b21b3aa04fba4c4d335d30c486ba3756e3a2a6"},
    {file = "cryptography-36.0.0-cp36-abi3-macosx_10_10_x86_64.whl", hash = "sha256:97199a13b772e74cdcdb03760c32109c808aff7cd49c29e9cf4b7754bb725d1d"},
    {file = "cryptography-36.0.0-cp36-abi3-macosx_11_0_arm64.whl", hash = "sha256:494106e9cd945c2cadfce5374fa44c94cfadf01d4566a3b13bb487d2e6c7959e"},
    {file = "cryptography-36.0.0-cp36-abi3-manylinux_2_12_x86_64.manylinux2010_x86_64.whl", hash = "sha256:6fbbbb8aab4053fa018984bb0e95a16faeb051dd8cca15add2a27e267ba02b58"},
    {file = "cryptography-36.0.0-cp36-abi3-manylinux_2_17_aarch64.manylinux2014_aarch64.manylinux_2_24_aarch64.whl", hash = "sha256:684993ff6f67000a56454b41bdc7e015429732d65a52d06385b6e9de6181c71e"},
    {file = "cryptography-36.0.0-cp36-abi3-manylinux_2_17_aarch64.manylinux2014_aarch64.whl", hash = "sha256:4c702855cd3174666ef0d2d13dcc879090aa9c6c38f5578896407a7028f75b9f"},
    {file = "cryptography-36.0.0-cp36-abi3-manylinux_2_17_x86_64.manylinux2014_x86_64.whl", hash = "sha256:d91bc9f535599bed58f6d2e21a2724cb0c3895bf41c6403fe881391d29096f1d"},
    {file = "cryptography-36.0.0-cp36-abi3-manylinux_2_24_x86_64.whl", hash = "sha256:b17d83b3d1610e571fedac21b2eb36b816654d6f7496004d6a0d32f99d1d8120"},
    {file = "cryptography-36.0.0-cp36-abi3-musllinux_1_1_aarch64.whl", hash = "sha256:8982c19bb90a4fa2aad3d635c6d71814e38b643649b4000a8419f8691f20ac44"},
    {file = "cryptography-36.0.0-cp36-abi3-musllinux_1_1_x86_64.whl", hash = "sha256:24469d9d33217ffd0ce4582dfcf2a76671af115663a95328f63c99ec7ece61a4"},
    {file = "cryptography-36.0.0-cp36-abi3-win32.whl", hash = "sha256:f6a5a85beb33e57998dc605b9dbe7deaa806385fdf5c4810fb849fcd04640c81"},
    {file = "cryptography-36.0.0-cp36-abi3-win_amd64.whl", hash = "sha256:2deab5ec05d83ddcf9b0916319674d3dae88b0e7ee18f8962642d3cde0496568"},
    {file = "cryptography-36.0.0-pp37-pypy37_pp73-manylinux_2_12_x86_64.manylinux2010_x86_64.whl", hash = "sha256:2049f8b87f449fc6190350de443ee0c1dd631f2ce4fa99efad2984de81031681"},
    {file = "cryptography-36.0.0-pp37-pypy37_pp73-manylinux_2_17_x86_64.manylinux2014_x86_64.whl", hash = "sha256:a776bae1629c8d7198396fd93ec0265f8dd2341c553dc32b976168aaf0e6a636"},
    {file = "cryptography-36.0.0-pp37-pypy37_pp73-manylinux_2_24_x86_64.whl", hash = "sha256:aa94d617a4cd4cdf4af9b5af65100c036bce22280ebb15d8b5262e8273ebc6ba"},
    {file = "cryptography-36.0.0-pp38-pypy38_pp73-macosx_10_10_x86_64.whl", hash = "sha256:5c49c9e8fb26a567a2b3fa0343c89f5d325447956cc2fc7231c943b29a973712"},
    {file = "cryptography-36.0.0-pp38-pypy38_pp73-manylinux_2_12_x86_64.manylinux2010_x86_64.whl", hash = "sha256:ef216d13ac8d24d9cd851776662f75f8d29c9f2d05cdcc2d34a18d32463a9b0b"},
    {file = "cryptography-36.0.0-pp38-pypy38_pp73-manylinux_2_17_x86_64.manylinux2014_x86_64.whl", hash = "sha256:231c4a69b11f6af79c1495a0e5a85909686ea8db946935224b7825cfb53827ed"},
    {file = "cryptography-36.0.0-pp38-pypy38_pp73-manylinux_2_24_x86_64.whl", hash = "sha256:f92556f94e476c1b616e6daec5f7ddded2c082efa7cee7f31c7aeda615906ed8"},
    {file = "cryptography-36.0.0-pp38-pypy38_pp73-win_amd64.whl", hash = "sha256:d73e3a96c38173e0aa5646c31bf8473bc3564837977dd480f5cbeacf1d7ef3a3"},
    {file = "cryptography-36.0.0.tar.gz", hash = "sha256:52f769ecb4ef39865719aedc67b4b7eae167bafa48dbc2a26dd36fa56460507f"},
]
docutils = [
    {file = "docutils-0.18-py2.py3-none-any.whl", hash = "sha256:a31688b2ea858517fa54293e5d5df06fbb875fb1f7e4c64529271b77781ca8fc"},
    {file = "docutils-0.18.tar.gz", hash = "sha256:c1d5dab2b11d16397406a282e53953fe495a46d69ae329f55aa98a5c4e3c5fbb"},
]
idna = [
    {file = "idna-3.3-py3-none-any.whl", hash = "sha256:84d9dd047ffa80596e0f246e2eab0b391788b0503584e8945f2368256d2735ff"},
    {file = "idna-3.3.tar.gz", hash = "sha256:9d643ff0a55b762d5cdb124b8eaa99c66322e2157b69160bc32796e824360e6d"},
]
importlib-metadata = [
    {file = "importlib_metadata-4.8.2-py3-none-any.whl", hash = "sha256:53ccfd5c134223e497627b9815d5030edf77d2ed573922f7a0b8f8bb81a1c100"},
    {file = "importlib_metadata-4.8.2.tar.gz", hash = "sha256:75bdec14c397f528724c1bfd9709d660b33a4d2e77387a3358f20b848bb5e5fb"},
]
jeepney = [
    {file = "jeepney-0.7.1-py3-none-any.whl", hash = "sha256:1b5a0ea5c0e7b166b2f5895b91a08c14de8915afda4407fb5022a195224958ac"},
    {file = "jeepney-0.7.1.tar.gz", hash = "sha256:fa9e232dfa0c498bd0b8a3a73b8d8a31978304dcef0515adc859d4e096f96f4f"},
]
keyring = [
    {file = "keyring-23.2.1-py3-none-any.whl", hash = "sha256:bd2145a237ed70c8ce72978b497619ddfcae640b6dcf494402d5143e37755c6e"},
    {file = "keyring-23.2.1.tar.gz", hash = "sha256:6334aee6073db2fb1f30892697b1730105b5e9a77ce7e61fca6b435225493efe"},
]
packaging = [
    {file = "packaging-21.3-py3-none-any.whl", hash = "sha256:ef103e05f519cdc783ae24ea4e2e0f508a9c99b2d4969652eed6a2e1ea5bd522"},
    {file = "packaging-21.3.tar.gz", hash = "sha256:dd47c42927d89ab911e606518907cc2d3a1f38bbd026385970643f9c5b8ecfeb"},
]
pkginfo = [
    {file = "pkginfo-1.8.1-py2.py3-none-any.whl", hash = "sha256:bb55a6c017d50f2faea5153abc7b05a750e7ea7ae2cbb7fb3ad6f1dcf8d40988"},
    {file = "pkginfo-1.8.1.tar.gz", hash = "sha256:65175ffa2c807220673a41c371573ac9a1ea1b19ffd5eef916278f428319934f"},
]
pycparser = [
    {file = "pycparser-2.21-py2.py3-none-any.whl", hash = "sha256:8ee45429555515e1f6b185e78100aea234072576aa43ab53aefcae078162fca9"},
    {file = "pycparser-2.21.tar.gz", hash = "sha256:e644fdec12f7872f86c58ff790da456218b10f863970249516d60a5eaca77206"},
]
pygments = [
    {file = "Pygments-2.10.0-py3-none-any.whl", hash = "sha256:b8e67fe6af78f492b3c4b3e2970c0624cbf08beb1e493b2c99b9fa1b67a20380"},
    {file = "Pygments-2.10.0.tar.gz", hash = "sha256:f398865f7eb6874156579fdf36bc840a03cab64d1cde9e93d68f46a425ec52c6"},
]
pyparsing = [
    {file = "pyparsing-3.0.6-py3-none-any.whl", hash = "sha256:04ff808a5b90911829c55c4e26f75fa5ca8a2f5f36aa3a51f68e27033341d3e4"},
    {file = "pyparsing-3.0.6.tar.gz", hash = "sha256:d9bdec0013ef1eb5a84ab39a3b3868911598afa494f5faa038647101504e2b81"},
]
pywin32-ctypes = [
    {file = "pywin32-ctypes-0.2.0.tar.gz", hash = "sha256:24ffc3b341d457d48e8922352130cf2644024a4ff09762a2261fd34c36ee5942"},
    {file = "pywin32_ctypes-0.2.0-py2.py3-none-any.whl", hash = "sha256:9dc2d991b3479cc2df15930958b674a48a227d5361d413827a4cfd0b5876fc98"},
]
readme-renderer = [
    {file = "readme_renderer-30.0-py2.py3-none-any.whl", hash = "sha256:3286806450d9961d6e3b5f8a59f77e61503799aca5155c8d8d40359b4e1e1adc"},
    {file = "readme_renderer-30.0.tar.gz", hash = "sha256:8299700d7a910c304072a7601eafada6712a5b011a20139417e1b1e9f04645d8"},
]
requests = [
    {file = "requests-2.26.0-py2.py3-none-any.whl", hash = "sha256:6c1246513ecd5ecd4528a0906f910e8f0f9c6b8ec72030dc9fd154dc1a6efd24"},
    {file = "requests-2.26.0.tar.gz", hash = "sha256:b8aa58f8cf793ffd8782d3d8cb19e66ef36f7aba4353eec859e74678b01b07a7"},
]
requests-toolbelt = [
    {file = "requests-toolbelt-0.9.1.tar.gz", hash = "sha256:968089d4584ad4ad7c171454f0a5c6dac23971e9472521ea3b6d49d610aa6fc0"},
    {file = "requests_toolbelt-0.9.1-py2.py3-none-any.whl", hash = "sha256:380606e1d10dc85c3bd47bf5a6095f815ec007be7a8b69c878507068df059e6f"},
]
rfc3986 = [
    {file = "rfc3986-1.5.0-py2.py3-none-any.whl", hash = "sha256:a86d6e1f5b1dc238b218b012df0aa79409667bb209e58da56d0b94704e712a97"},
    {file = "rfc3986-1.5.0.tar.gz", hash = "sha256:270aaf10d87d0d4e095063c65bf3ddbc6ee3d0b226328ce21e036f946e421835"},
]
secretstorage = [
    {file = "SecretStorage-3.3.1-py3-none-any.whl", hash = "sha256:422d82c36172d88d6a0ed5afdec956514b189ddbfb72fefab0c8a1cee4eaf71f"},
    {file = "SecretStorage-3.3.1.tar.gz", hash = "sha256:fd666c51a6bf200643495a04abb261f83229dcb6fd8472ec393df7ffc8b6f195"},
]
setuptools = [
    {file = "setuptools-59.6.0-py3-none-any.whl", hash = "sha256:4ce92f1e1f8f01233ee9952c04f6b81d1e02939d6e1b488428154974a4d0783e"},
    {file = "setuptools-59.6.0.tar.gz", hash = "sha256:22c7348c6d2976a52632c67f7ab0cdf40147db7789f9aed18734643fe9cf3373"},
]
six = [
    {file = "six-1.16.0-py2.py3-none-any.whl", hash = "sha256:8abb2f1d86890a2dfb989f9a77cfcfd3e47c2a354b01111771326f8aa26e0254"},
    {file = "six-1.16.0.tar.gz", hash = "sha256:1e61c37477a1626458e36f7b1d82aa5c9b094fa4802892072e49de9c60c4c926"},
]
tqdm = [
    {file = "tqdm-4.62.3-py2.py3-none-any.whl", hash = "sha256:8dd278a422499cd6b727e6ae4061c40b48fce8b76d1ccbf5d34fca9b7f925b0c"},
    {file = "tqdm-4.62.3.tar.gz", hash = "sha256:d359de7217506c9851b7869f3708d8ee53ed70a1b8edbba4dbcb47442592920d"},
]
twine = [
    {file = "twine-3.6.0-py3-none-any.whl", hash = "sha256:916070f8ecbd1985ebed5dbb02b9bda9a092882a96d7069d542d4fc0bb5c673c"},
    {file = "twine-3.6.0.tar.gz", hash = "sha256:4caad5ef4722e127b3749052fcbffaaf71719b19d4fd4973b29c469957adeba2"},
]
typing-extensions = [
    {file = "typing_extensions-4.0.0-py3-none-any.whl", hash = "sha256:829704698b22e13ec9eaf959122315eabb370b0884400e9818334d8b677023d9"},
    {file = "typing_extensions-4.0.0.tar.gz", hash = "sha256:2cdf80e4e04866a9b3689a51869016d36db0814d84b8d8a568d22781d45d27ed"},
]
urllib3 = [
    {file = "urllib3-1.22-py2.py3-none-any.whl", hash = "sha256:06330f386d6e4b195fbfc736b297f58c5a892e4440e54d294d7004e3a9bbea1b"},
    {file = "urllib3-1.22.tar.gz", hash = "sha256:cc44da8e1145637334317feebd728bd869a35285b93cbb4cca2577da7e62db4f"},
]
webencodings = [
    {file = "webencodings-0.5.1-py2.py3-none-any.whl", hash = "sha256:a0af1213f3c2226497a97e2b3aa01a7e4bee4f403f95be16fc9acd2947514a78"},
    {file = "webencodings-0.5.1.tar.gz", hash = "sha256:b36a1c245f2d304965eb4e0a82848379241dc04b865afcc4aab16748587e1923"},
]
wheel = [
    {file = "wheel-0.37.1-py2.py3-none-any.whl", hash = "sha256:4bdcd7d840138086126cd09254dc6195fb4fc6f01c050a1d7236f2630db1d22a"},
    {file = "wheel-0.37.1.tar.gz", hash = "sha256:e9a504e793efbca1b8e0e9cb979a249cf4a0a7b5b8c9e8b65a5e39d49529c1c4"},
]
yapf = [
    {file = "yapf-0.31.0-py2.py3-none-any.whl", hash = "sha256:e3a234ba8455fe201eaa649cdac872d590089a18b661e39bbac7020978dd9c2e"},
    {file = "yapf-0.31.0.tar.gz", hash = "sha256:408fb9a2b254c302f49db83c59f9aa0b4b0fd0ec25be3a5c51181327922ff63d"},
]
zipp = [
    {file = "zipp-3.6.0-py3-none-any.whl", hash = "sha256:9fe5ea21568a0a70e50f273397638d39b03353731e6cbbb3fd8502a33fec40bc"},
    {file = "zipp-3.6.0.tar.gz", hash = "sha256:71c644c5369f4a6e07636f0aa966270449561fcea2e3d6747b8d23efaa9d7832"},
]
